
Microsoft Visual Studio Solution File, Format Version 12.00
# Visual Studio Version 17
VisualStudioVersion = 17.14.37111.16 d17.14
MinimumVisualStudioVersion = 10.0.40219.1
Project("{8BC9CEB8-8B4A-11D0-8D11-00A0C91BC942}") = "week10", "week10.vcxproj", "{CB29B22F-EFBB-49AE-BB65-6EA4D1654B62}"
EndProject
Global
	GlobalSection(SolutionConfigurationPlatforms) = preSolution
		Debug|x64 = Debug|x64
		Debug|x86 = Debug|x86
		Release|x64 = Release|x64
		Release|x86 = Release|x86
	EndGlobalSection
	GlobalSection(ProjectConfigurationPlatforms) = postSolution
		{CB29B22F-EFBB-49AE-BB65-6EA4D1654B62}.Debug|x64.ActiveCfg = Debug|x64
		{CB29B22F-EFBB-49AE-BB65-6EA4D1654B62}.Debug|x64.Build.0 = Debug|x64
		{CB29B22F-EFBB-49AE-BB65-6EA4D1654B62}.Debug|x86.ActiveCfg = Debug|Win32
		{CB29B22F-EFBB-49AE-BB65-6EA4D1654B62}.Debug|x86.Build.0 = Debug|Win32
		{CB29B22F-EFBB-49AE-BB65-6EA4D1654B62}.Release|x64.ActiveCfg = Release|x64
		{CB29B22F-EFBB-49AE-BB65-6EA4D1654B62}.Release|x64.Build.0 = Release|x64
		{CB29B22F-EFBB-49AE-BB65-6EA4D1654B62}.Release|x86.ActiveCfg = Release|Win32
		{CB29B22F-EFBB-49AE-BB65-6EA4D1654B62}.Release|x86.Build.0 = Release|Win32
	EndGlobalSection
	GlobalSection(SolutionProperties) = preSolution
		HideSolutionNode = FALSE
	EndGlobalSection
	GlobalSection(ExtensibilityGlobals) = postSolution
		SolutionGuid = {1B54A094-C9C2-45BA-A015-E8CE21000081}
	EndGlobalSection
EndGlobal
